
Microsoft Visual Studio Solution File, Format Version 12.00
# Visual Studio Version 17
VisualStudioVersion = 17.10.35122.118
MinimumVisualStudioVersion = 10.0.40219.1
Project("{8BC9CEB8-8B4A-11D0-8D11-00A0C91BC942}") = "ConTextRpgTest", "ConTextRpgTest\ConTextRpgTest.vcxproj", "{4B82CD72-266C-4B17-81A7-881262270CB0}"
EndProject
Global
	GlobalSection(SolutionConfigurationPlatforms) = preSolution
		Debug|x64 = Debug|x64
		Debug|x86 = Debug|x86
		Release|x64 = Release|x64
		Release|x86 = Release|x86
	EndGlobalSection
	GlobalSection(ProjectConfigurationPlatforms) = postSolution
		{4B82CD72-266C-4B17-81A7-881262270CB0}.Debug|x64.ActiveCfg = Debug|x64
		{4B82CD72-266C-4B17-81A7-881262270CB0}.Debug|x64.Build.0 = Debug|x64
		{4B82CD72-266C-4B17-81A7-881262270CB0}.Debug|x86.ActiveCfg = Debug|Win32
		{4B82CD72-266C-4B17-81A7-881262270CB0}.Debug|x86.Build.0 = Debug|Win32
		{4B82CD72-266C-4B17-81A7-881262270CB0}.Release|x64.ActiveCfg = Release|x64
		{4B82CD72-266C-4B17-81A7-881262270CB0}.Release|x64.Build.0 = Release|x64
		{4B82CD72-266C-4B17-81A7-881262270CB0}.Release|x86.ActiveCfg = Release|Win32
		{4B82CD72-266C-4B17-81A7-881262270CB0}.Release|x86.Build.0 = Release|Win32
	EndGlobalSection
	GlobalSection(SolutionProperties) = preSolution
		HideSolutionNode = FALSE
	EndGlobalSection
	GlobalSection(ExtensibilityGlobals) = postSolution
		SolutionGuid = {4376002F-82EE-4BD6-B6DE-B7A18BF919C4}
	EndGlobalSection
EndGlobal
